
Microsoft Visual Studio Solution File, Format Version 12.00
# Visual Studio 15
VisualStudioVersion = 15.0.26124.0
MinimumVisualStudioVersion = 15.0.26124.0
Project("{F2A71F9B-5D33-465A-A702-920D77279786}") = "Uno", "Uno\Uno.fsproj", "{ED4A8EDD-5E01-4638-A513-1B178633DF2D}"
EndProject
Project("{F2A71F9B-5D33-465A-A702-920D77279786}") = "Uno.Tests", "Uno.Tests\Uno.Tests.fsproj", "{65802FF0-2A28-448E-A579-0F7E74761383}"
EndProject
Global
	GlobalSection(SolutionConfigurationPlatforms) = preSolution
		Debug|Any CPU = Debug|Any CPU
		Debug|x64 = Debug|x64
		Debug|x86 = Debug|x86
		Release|Any CPU = Release|Any CPU
		Release|x64 = Release|x64
		Release|x86 = Release|x86
	EndGlobalSection
	GlobalSection(SolutionProperties) = preSolution
		HideSolutionNode = FALSE
	EndGlobalSection
	GlobalSection(ProjectConfigurationPlatforms) = postSolution
		{ED4A8EDD-5E01-4638-A513-1B178633DF2D}.Debug|Any CPU.ActiveCfg = Debug|Any CPU
		{ED4A8EDD-5E01-4638-A513-1B178633DF2D}.Debug|Any CPU.Build.0 = Debug|Any CPU
		{ED4A8EDD-5E01-4638-A513-1B178633DF2D}.Debug|x64.ActiveCfg = Debug|Any CPU
		{ED4A8EDD-5E01-4638-A513-1B178633DF2D}.Debug|x64.Build.0 = Debug|Any CPU
		{ED4A8EDD-5E01-4638-A513-1B178633DF2D}.Debug|x86.ActiveCfg = Debug|Any CPU
		{ED4A8EDD-5E01-4638-A513-1B178633DF2D}.Debug|x86.Build.0 = Debug|Any CPU
		{ED4A8EDD-5E01-4638-A513-1B178633DF2D}.Release|Any CPU.ActiveCfg = Release|Any CPU
		{ED4A8EDD-5E01-4638-A513-1B178633DF2D}.Release|Any CPU.Build.0 = Release|Any CPU
		{ED4A8EDD-5E01-4638-A513-1B178633DF2D}.Release|x64.ActiveCfg = Release|Any CPU
		{ED4A8EDD-5E01-4638-A513-1B178633DF2D}.Release|x64.Build.0 = Release|Any CPU
		{ED4A8EDD-5E01-4638-A513-1B178633DF2D}.Release|x86.ActiveCfg = Release|Any CPU
		{ED4A8EDD-5E01-4638-A513-1B178633DF2D}.Release|x86.Build.0 = Release|Any CPU
		{65802FF0-2A28-448E-A579-0F7E74761383}.Debug|Any CPU.ActiveCfg = Debug|Any CPU
		{65802FF0-2A28-448E-A579-0F7E74761383}.Debug|Any CPU.Build.0 = Debug|Any CPU
		{65802FF0-2A28-448E-A579-0F7E74761383}.Debug|x64.ActiveCfg = Debug|Any CPU
		{65802FF0-2A28-448E-A579-0F7E74761383}.Debug|x64.Build.0 = Debug|Any CPU
		{65802FF0-2A28-448E-A579-0F7E74761383}.Debug|x86.ActiveCfg = Debug|Any CPU
		{65802FF0-2A28-448E-A579-0F7E74761383}.Debug|x86.Build.0 = Debug|Any CPU
		{65802FF0-2A28-448E-A579-0F7E74761383}.Release|Any CPU.ActiveCfg = Release|Any CPU
		{65802FF0-2A28-448E-A579-0F7E74761383}.Release|Any CPU.Build.0 = Release|Any CPU
		{65802FF0-2A28-448E-A579-0F7E74761383}.Release|x64.ActiveCfg = Release|Any CPU
		{65802FF0-2A28-448E-A579-0F7E74761383}.Release|x64.Build.0 = Release|Any CPU
		{65802FF0-2A28-448E-A579-0F7E74761383}.Release|x86.ActiveCfg = Release|Any CPU
		{65802FF0-2A28-448E-A579-0F7E74761383}.Release|x86.Build.0 = Release|Any CPU
	EndGlobalSection
EndGlobal
